
Microsoft Visual Studio Solution File, Format Version 12.00
# Visual Studio Version 16
VisualStudioVersion = 16.0.29215.179
MinimumVisualStudioVersion = 10.0.40219.1
Project("{8BC9CEB8-8B4A-11D0-8D11-00A0C91BC942}") = "Student", "Student\Student.vcxproj", "{268A5D8D-C860-4F64-A916-D3EF71AEBC98}"
EndProject
Global
	GlobalSection(SolutionConfigurationPlatforms) = preSolution
		Debug|x64 = Debug|x64
		Debug|x86 = Debug|x86
		Release|x64 = Release|x64
		Release|x86 = Release|x86
	EndGlobalSection
	GlobalSection(ProjectConfigurationPlatforms) = postSolution
		{268A5D8D-C860-4F64-A916-D3EF71AEBC98}.Debug|x64.ActiveCfg = Debug|x64
		{268A5D8D-C860-4F64-A916-D3EF71AEBC98}.Debug|x64.Build.0 = Debug|x64
		{268A5D8D-C860-4F64-A916-D3EF71AEBC98}.Debug|x86.ActiveCfg = Debug|Win32
		{268A5D8D-C860-4F64-A916-D3EF71AEBC98}.Debug|x86.Build.0 = Debug|Win32
		{268A5D8D-C860-4F64-A916-D3EF71AEBC98}.Release|x64.ActiveCfg = Release|x64
		{268A5D8D-C860-4F64-A916-D3EF71AEBC98}.Release|x64.Build.0 = Release|x64
		{268A5D8D-C860-4F64-A916-D3EF71AEBC98}.Release|x86.ActiveCfg = Release|Win32
		{268A5D8D-C860-4F64-A916-D3EF71AEBC98}.Release|x86.Build.0 = Release|Win32
	EndGlobalSection
	GlobalSection(SolutionProperties) = preSolution
		HideSolutionNode = FALSE
	EndGlobalSection
	GlobalSection(ExtensibilityGlobals) = postSolution
		SolutionGuid = {0DC7DA81-5E95-4B8D-B68E-17ECE2A42E6D}
	EndGlobalSection
EndGlobal
